
Microsoft Visual Studio Solution File, Format Version 12.00
# Visual Studio 14
VisualStudioVersion = 14.0.25420.1
MinimumVisualStudioVersion = 10.0.40219.1
Project("{2150E333-8FDC-42A3-9474-1A3956D46DE8}") = "src", "src", "{C254607F-F00D-4AEE-9B00-633505D7C854}"
EndProject
Project("{2150E333-8FDC-42A3-9474-1A3956D46DE8}") = "Solution Items", "Solution Items", "{45CD8D37-88CA-4F86-A3A9-B00F12F52F1C}"
	ProjectSection(SolutionItems) = preProject
		global.json = global.json
	EndProjectSection
EndProject
Project("{8BB2217D-0F2D-49D1-97BC-3654ED321F3B}") = "Chart", "src\Chart\Chart.xproj", "{BAA468D9-4C99-4191-A03B-7E1BA0262A28}"
EndProject
Project("{8BB2217D-0F2D-49D1-97BC-3654ED321F3B}") = "TestChart", "TestChart\TestChart.xproj", "{74E171B8-0B65-4812-B391-AAEFAEDCA9BE}"
EndProject
Global
	GlobalSection(SolutionConfigurationPlatforms) = preSolution
		Debug|Any CPU = Debug|Any CPU
		Release|Any CPU = Release|Any CPU
	EndGlobalSection
	GlobalSection(ProjectConfigurationPlatforms) = postSolution
		{BAA468D9-4C99-4191-A03B-7E1BA0262A28}.Debug|Any CPU.ActiveCfg = Debug|Any CPU
		{BAA468D9-4C99-4191-A03B-7E1BA0262A28}.Debug|Any CPU.Build.0 = Debug|Any CPU
		{BAA468D9-4C99-4191-A03B-7E1BA0262A28}.Release|Any CPU.ActiveCfg = Release|Any CPU
		{BAA468D9-4C99-4191-A03B-7E1BA0262A28}.Release|Any CPU.Build.0 = Release|Any CPU
		{74E171B8-0B65-4812-B391-AAEFAEDCA9BE}.Debug|Any CPU.ActiveCfg = Debug|Any CPU
		{74E171B8-0B65-4812-B391-AAEFAEDCA9BE}.Debug|Any CPU.Build.0 = Debug|Any CPU
		{74E171B8-0B65-4812-B391-AAEFAEDCA9BE}.Release|Any CPU.ActiveCfg = Release|Any CPU
		{74E171B8-0B65-4812-B391-AAEFAEDCA9BE}.Release|Any CPU.Build.0 = Release|Any CPU
	EndGlobalSection
	GlobalSection(SolutionProperties) = preSolution
		HideSolutionNode = FALSE
	EndGlobalSection
	GlobalSection(NestedProjects) = preSolution
		{BAA468D9-4C99-4191-A03B-7E1BA0262A28} = {C254607F-F00D-4AEE-9B00-633505D7C854}
		{74E171B8-0B65-4812-B391-AAEFAEDCA9BE} = {C254607F-F00D-4AEE-9B00-633505D7C854}
	EndGlobalSection
EndGlobal
