
Microsoft Visual Studio Solution File, Format Version 12.00
# Visual Studio Version 17
VisualStudioVersion = 17.1.32407.343
MinimumVisualStudioVersion = 10.0.40219.1
Project("{9A19103F-16F7-4668-BE54-9A1E7A4F7556}") = "ChartJSCore", "src\ChartJSCore\ChartJSCore.csproj", "{BAA468D9-4C99-4191-A03B-7E1BA0262A28}"
EndProject
Project("{9A19103F-16F7-4668-BE54-9A1E7A4F7556}") = "ChartJSCoreTest", "src\ChartJSCoreTest\ChartJSCoreTest.csproj", "{25C5F598-6616-46F1-A6BD-DA4B870B50A8}"
EndProject
Project("{9A19103F-16F7-4668-BE54-9A1E7A4F7556}") = "ChartJSCore.Demo", "src\ChartJSCore.Demo\ChartJSCore.Demo.csproj", "{F5E1EF1F-FFAB-4CC2-B89E-2690A2408283}"
EndProject
Project("{2150E333-8FDC-42A3-9474-1A3956D46DE8}") = "Solution Items", "Solution Items", "{D573DD7C-56A6-45AB-82C9-20968B6963F1}"
	ProjectSection(SolutionItems) = preProject
		.gitignore = .gitignore
		README.md = README.md
	EndProjectSection
EndProject
Project("{9A19103F-16F7-4668-BE54-9A1E7A4F7556}") = "ChartJSCore.BlazorDemo", "src\ChartJSCore.BlazorDemo\ChartJSCore.BlazorDemo.csproj", "{42AC3C2C-C07D-4A21-A8C4-FD497E5F7544}"
EndProject
Global
	GlobalSection(SolutionConfigurationPlatforms) = preSolution
		Debug|Any CPU = Debug|Any CPU
		Debug|x64 = Debug|x64
		Release|Any CPU = Release|Any CPU
		Release|x64 = Release|x64
	EndGlobalSection
	GlobalSection(ProjectConfigurationPlatforms) = postSolution
		{BAA468D9-4C99-4191-A03B-7E1BA0262A28}.Debug|Any CPU.ActiveCfg = Debug|Any CPU
		{BAA468D9-4C99-4191-A03B-7E1BA0262A28}.Debug|Any CPU.Build.0 = Debug|Any CPU
		{BAA468D9-4C99-4191-A03B-7E1BA0262A28}.Debug|x64.ActiveCfg = Debug|x64
		{BAA468D9-4C99-4191-A03B-7E1BA0262A28}.Debug|x64.Build.0 = Debug|x64
		{BAA468D9-4C99-4191-A03B-7E1BA0262A28}.Release|Any CPU.ActiveCfg = Release|Any CPU
		{BAA468D9-4C99-4191-A03B-7E1BA0262A28}.Release|Any CPU.Build.0 = Release|Any CPU
		{BAA468D9-4C99-4191-A03B-7E1BA0262A28}.Release|x64.ActiveCfg = Release|x64
		{BAA468D9-4C99-4191-A03B-7E1BA0262A28}.Release|x64.Build.0 = Release|x64
		{25C5F598-6616-46F1-A6BD-DA4B870B50A8}.Debug|Any CPU.ActiveCfg = Debug|Any CPU
		{25C5F598-6616-46F1-A6BD-DA4B870B50A8}.Debug|Any CPU.Build.0 = Debug|Any CPU
		{25C5F598-6616-46F1-A6BD-DA4B870B50A8}.Debug|x64.ActiveCfg = Debug|Any CPU
		{25C5F598-6616-46F1-A6BD-DA4B870B50A8}.Debug|x64.Build.0 = Debug|Any CPU
		{25C5F598-6616-46F1-A6BD-DA4B870B50A8}.Release|Any CPU.ActiveCfg = Release|Any CPU
		{25C5F598-6616-46F1-A6BD-DA4B870B50A8}.Release|Any CPU.Build.0 = Release|Any CPU
		{25C5F598-6616-46F1-A6BD-DA4B870B50A8}.Release|x64.ActiveCfg = Release|Any CPU
		{25C5F598-6616-46F1-A6BD-DA4B870B50A8}.Release|x64.Build.0 = Release|Any CPU
		{F5E1EF1F-FFAB-4CC2-B89E-2690A2408283}.Debug|Any CPU.ActiveCfg = Debug|Any CPU
		{F5E1EF1F-FFAB-4CC2-B89E-2690A2408283}.Debug|Any CPU.Build.0 = Debug|Any CPU
		{F5E1EF1F-FFAB-4CC2-B89E-2690A2408283}.Debug|x64.ActiveCfg = Debug|Any CPU
		{F5E1EF1F-FFAB-4CC2-B89E-2690A2408283}.Debug|x64.Build.0 = Debug|Any CPU
		{F5E1EF1F-FFAB-4CC2-B89E-2690A2408283}.Release|Any CPU.ActiveCfg = Release|Any CPU
		{F5E1EF1F-FFAB-4CC2-B89E-2690A2408283}.Release|Any CPU.Build.0 = Release|Any CPU
		{F5E1EF1F-FFAB-4CC2-B89E-2690A2408283}.Release|x64.ActiveCfg = Release|Any CPU
		{F5E1EF1F-FFAB-4CC2-B89E-2690A2408283}.Release|x64.Build.0 = Release|Any CPU
		{42AC3C2C-C07D-4A21-A8C4-FD497E5F7544}.Debug|Any CPU.ActiveCfg = Debug|Any CPU
		{42AC3C2C-C07D-4A21-A8C4-FD497E5F7544}.Debug|Any CPU.Build.0 = Debug|Any CPU
		{42AC3C2C-C07D-4A21-A8C4-FD497E5F7544}.Debug|x64.ActiveCfg = Debug|Any CPU
		{42AC3C2C-C07D-4A21-A8C4-FD497E5F7544}.Debug|x64.Build.0 = Debug|Any CPU
		{42AC3C2C-C07D-4A21-A8C4-FD497E5F7544}.Release|Any CPU.ActiveCfg = Release|Any CPU
		{42AC3C2C-C07D-4A21-A8C4-FD497E5F7544}.Release|Any CPU.Build.0 = Release|Any CPU
		{42AC3C2C-C07D-4A21-A8C4-FD497E5F7544}.Release|x64.ActiveCfg = Release|Any CPU
		{42AC3C2C-C07D-4A21-A8C4-FD497E5F7544}.Release|x64.Build.0 = Release|Any CPU
	EndGlobalSection
	GlobalSection(SolutionProperties) = preSolution
		HideSolutionNode = FALSE
	EndGlobalSection
	GlobalSection(ExtensibilityGlobals) = postSolution
		SolutionGuid = {C0730BBA-BC12-46E8-9ED3-E57AF6782896}
	EndGlobalSection
EndGlobal
